// !$*UTF8*$!
{
	archiveVersion = 1;
	classes = {
	};
	objectVersion = 56;
	objects = {

/* Begin PBXBuildFile section */
		781F2E152BEA784E00FBC804 /* MainScreenViewController.swift in Sources */ = {isa = PBXBuildFile; fileRef = 781F2E142BEA784E00FBC804 /* MainScreenViewController.swift */; };
		781F2E172BEB223A00FBC804 /* AddBookListViewController.swift in Sources */ = {isa = PBXBuildFile; fileRef = 781F2E162BEB223A00FBC804 /* AddBookListViewController.swift */; };
		781F2E192BEB47C700FBC804 /* UIColor.swift in Sources */ = {isa = PBXBuildFile; fileRef = 781F2E182BEB47C700FBC804 /* UIColor.swift */; };
		78BD2D852BE9B6D200830BAD /* AppDelegate.swift in Sources */ = {isa = PBXBuildFile; fileRef = 78BD2D842BE9B6D200830BAD /* AppDelegate.swift */; };
		78BD2D872BE9B6D200830BAD /* SceneDelegate.swift in Sources */ = {isa = PBXBuildFile; fileRef = 78BD2D862BE9B6D200830BAD /* SceneDelegate.swift */; };
		78BD2D892BE9B6D200830BAD /* ViewController.swift in Sources */ = {isa = PBXBuildFile; fileRef = 78BD2D882BE9B6D200830BAD /* ViewController.swift */; };
		78BD2D8C2BE9B6D200830BAD /* Main.storyboard in Resources */ = {isa = PBXBuildFile; fileRef = 78BD2D8A2BE9B6D200830BAD /* Main.storyboard */; };
		78BD2D8F2BE9B6D200830BAD /* BookSearch.xcdatamodeld in Sources */ = {isa = PBXBuildFile; fileRef = 78BD2D8D2BE9B6D200830BAD /* BookSearch.xcdatamodeld */; };
		78BD2D912BE9B6D400830BAD /* Assets.xcassets in Resources */ = {isa = PBXBuildFile; fileRef = 78BD2D902BE9B6D400830BAD /* Assets.xcassets */; };
		78BD2D942BE9B6D400830BAD /* LaunchScreen.storyboard in Resources */ = {isa = PBXBuildFile; fileRef = 78BD2D922BE9B6D400830BAD /* LaunchScreen.storyboard */; };
		78BD2D9D2BE9C5FC00830BAD /* SnapKit in Frameworks */ = {isa = PBXBuildFile; productRef = 78BD2D9C2BE9C5FC00830BAD /* SnapKit */; };
/* End PBXBuildFile section */

/* Begin PBXFileReference section */
		781F2E142BEA784E00FBC804 /* MainScreenViewController.swift */ = {isa = PBXFileReference; lastKnownFileType = sourcecode.swift; path = MainScreenViewController.swift; sourceTree = "<group>"; };
		781F2E162BEB223A00FBC804 /* AddBookListViewController.swift */ = {isa = PBXFileReference; lastKnownFileType = sourcecode.swift; path = AddBookListViewController.swift; sourceTree = "<group>"; };
		781F2E182BEB47C700FBC804 /* UIColor.swift */ = {isa = PBXFileReference; lastKnownFileType = sourcecode.swift; path = UIColor.swift; sourceTree = "<group>"; };
		78BD2D812BE9B6D200830BAD /* BookSearch.app */ = {isa = PBXFileReference; explicitFileType = wrapper.application; includeInIndex = 0; path = BookSearch.app; sourceTree = BUILT_PRODUCTS_DIR; };
		78BD2D842BE9B6D200830BAD /* AppDelegate.swift */ = {isa = PBXFileReference; lastKnownFileType = sourcecode.swift; path = AppDelegate.swift; sourceTree = "<group>"; };
		78BD2D862BE9B6D200830BAD /* SceneDelegate.swift */ = {isa = PBXFileReference; lastKnownFileType = sourcecode.swift; path = SceneDelegate.swift; sourceTree = "<group>"; };
		78BD2D882BE9B6D200830BAD /* ViewController.swift */ = {isa = PBXFileReference; lastKnownFileType = sourcecode.swift; path = ViewController.swift; sourceTree = "<group>"; };
		78BD2D8B2BE9B6D200830BAD /* Base */ = {isa = PBXFileReference; lastKnownFileType = file.storyboard; name = Base; path = Base.lproj/Main.storyboard; sourceTree = "<group>"; };
		78BD2D8E2BE9B6D200830BAD /* BookSearch.xcdatamodel */ = {isa = PBXFileReference; lastKnownFileType = wrapper.xcdatamodel; path = BookSearch.xcdatamodel; sourceTree = "<group>"; };
		78BD2D902BE9B6D400830BAD /* Assets.xcassets */ = {isa = PBXFileReference; lastKnownFileType = folder.assetcatalog; path = Assets.xcassets; sourceTree = "<group>"; };
		78BD2D932BE9B6D400830BAD /* Base */ = {isa = PBXFileReference; lastKnownFileType = file.storyboard; name = Base; path = Base.lproj/LaunchScreen.storyboard; sourceTree = "<group>"; };
		78BD2D952BE9B6D400830BAD /* Info.plist */ = {isa = PBXFileReference; lastKnownFileType = text.plist.xml; path = Info.plist; sourceTree = "<group>"; };
/* End PBXFileReference section */

/* Begin PBXFrameworksBuildPhase section */
		78BD2D7E2BE9B6D200830BAD /* Frameworks */ = {
			isa = PBXFrameworksBuildPhase;
			buildActionMask = 2147483647;
			files = (
				78BD2D9D2BE9C5FC00830BAD /* SnapKit in Frameworks */,
			);
			runOnlyForDeploymentPostprocessing = 0;
		};
/* End PBXFrameworksBuildPhase section */

/* Begin PBXGroup section */
		78BD2D782BE9B6D200830BAD = {
			isa = PBXGroup;
			children = (
				78BD2D832BE9B6D200830BAD /* BookSearch */,
				78BD2D822BE9B6D200830BAD /* Products */,
			);
			sourceTree = "<group>";
		};
		78BD2D822BE9B6D200830BAD /* Products */ = {
			isa = PBXGroup;
			children = (
				78BD2D812BE9B6D200830BAD /* BookSearch.app */,
			);
			name = Products;
			sourceTree = "<group>";
		};
		78BD2D832BE9B6D200830BAD /* BookSearch */ = {
			isa = PBXGroup;
			children = (
				781F2E182BEB47C700FBC804 /* UIColor.swift */,
				78BD2D842BE9B6D200830BAD /* AppDelegate.swift */,
				78BD2D862BE9B6D200830BAD /* SceneDelegate.swift */,
				781F2E162BEB223A00FBC804 /* AddBookListViewController.swift */,
				781F2E142BEA784E00FBC804 /* MainScreenViewController.swift */,
				78BD2D882BE9B6D200830BAD /* ViewController.swift */,
				78BD2D8A2BE9B6D200830BAD /* Main.storyboard */,
				78BD2D902BE9B6D400830BAD /* Assets.xcassets */,
				78BD2D922BE9B6D400830BAD /* LaunchScreen.storyboard */,
				78BD2D952BE9B6D400830BAD /* Info.plist */,
				78BD2D8D2BE9B6D200830BAD /* BookSearch.xcdatamodeld */,
			);
			path = BookSearch;
			sourceTree = "<group>";
		};
/* End PBXGroup section */

/* Begin PBXNativeTarget section */
		78BD2D802BE9B6D200830BAD /* BookSearch */ = {
			isa = PBXNativeTarget;
			buildConfigurationList = 78BD2D982BE9B6D400830BAD /* Build configuration list for PBXNativeTarget "BookSearch" */;
			buildPhases = (
				78BD2D7D2BE9B6D200830BAD /* Sources */,
				78BD2D7E2BE9B6D200830BAD /* Frameworks */,
				78BD2D7F2BE9B6D200830BAD /* Resources */,
			);
			buildRules = (
			);
			dependencies = (
			);
			name = BookSearch;
			packageProductDependencies = (
				78BD2D9C2BE9C5FC00830BAD /* SnapKit */,
			);
			productName = BookSearch;
			productReference = 78BD2D812BE9B6D200830BAD /* BookSearch.app */;
			productType = "com.apple.product-type.application";
		};
/* End PBXNativeTarget section */

/* Begin PBXProject section */
		78BD2D792BE9B6D200830BAD /* Project object */ = {
			isa = PBXProject;
			attributes = {
				BuildIndependentTargetsInParallel = 1;
				LastSwiftUpdateCheck = 1520;
				LastUpgradeCheck = 1520;
				TargetAttributes = {
					78BD2D802BE9B6D200830BAD = {
						CreatedOnToolsVersion = 15.2;
					};
				};
			};
			buildConfigurationList = 78BD2D7C2BE9B6D200830BAD /* Build configuration list for PBXProject "BookSearch" */;
			compatibilityVersion = "Xcode 14.0";
			developmentRegion = en;
			hasScannedForEncodings = 0;
			knownRegions = (
				en,
				Base,
			);
			mainGroup = 78BD2D782BE9B6D200830BAD;
			packageReferences = (
				78BD2D9B2BE9C5FC00830BAD /* XCRemoteSwiftPackageReference "SnapKit" */,
			);
			productRefGroup = 78BD2D822BE9B6D200830BAD /* Products */;
			projectDirPath = "";
			projectRoot = "";
			targets = (
				78BD2D802BE9B6D200830BAD /* BookSearch */,
			);
		};
/* End PBXProject section */

/* Begin PBXResourcesBuildPhase section */
		78BD2D7F2BE9B6D200830BAD /* Resources */ = {
			isa = PBXResourcesBuildPhase;
			buildActionMask = 2147483647;
			files = (
				78BD2D942BE9B6D400830BAD /* LaunchScreen.storyboard in Resources */,
				78BD2D912BE9B6D400830BAD /* Assets.xcassets in Resources */,
				78BD2D8C2BE9B6D200830BAD /* Main.storyboard in Resources */,
			);
			runOnlyForDeploymentPostprocessing = 0;
		};
/* End PBXResourcesBuildPhase section */

/* Begin PBXSourcesBuildPhase section */
		78BD2D7D2BE9B6D200830BAD /* Sources */ = {
			isa = PBXSourcesBuildPhase;
			buildActionMask = 2147483647;
			files = (
				781F2E152BEA784E00FBC804 /* MainScreenViewController.swift in Sources */,
				781F2E192BEB47C700FBC804 /* UIColor.swift in Sources */,
				78BD2D8F2BE9B6D200830BAD /* BookSearch.xcdatamodeld in Sources */,
				78BD2D892BE9B6D200830BAD /* ViewController.swift in Sources */,
				781F2E172BEB223A00FBC804 /* AddBookListViewController.swift in Sources */,
				78BD2D852BE9B6D200830BAD /* AppDelegate.swift in Sources */,
				78BD2D872BE9B6D200830BAD /* SceneDelegate.swift in Sources */,
			);
			runOnlyForDeploymentPostprocessing = 0;
		};
/* End PBXSourcesBuildPhase section */

/* Begin PBXVariantGroup section */
		78BD2D8A2BE9B6D200830BAD /* Main.storyboard */ = {
			isa = PBXVariantGroup;
			children = (
				78BD2D8B2BE9B6D200830BAD /* Base */,
			);
			name = Main.storyboard;
			sourceTree = "<group>";
		};
		78BD2D922BE9B6D400830BAD /* LaunchScreen.storyboard */ = {
			isa = PBXVariantGroup;
			children = (
				78BD2D932BE9B6D400830BAD /* Base */,
			);
			name = LaunchScreen.storyboard;
			sourceTree = "<group>";
		};
/* End PBXVariantGroup section */

/* Begin XCBuildConfiguration section */
		78BD2D962BE9B6D400830BAD /* Debug */ = {
			isa = XCBuildConfiguration;
			buildSettings = {
				ALWAYS_SEARCH_USER_PATHS = NO;
				ASSETCATALOG_COMPILER_GENERATE_SWIFT_ASSET_SYMBOL_EXTENSIONS = YES;
				CLANG_ANALYZER_NONNULL = YES;
				CLANG_ANALYZER_NUMBER_OBJECT_CONVERSION = YES_AGGRESSIVE;
				CLANG_CXX_LANGUAGE_STANDARD = "gnu++20";
				CLANG_ENABLE_MODULES = YES;
				CLANG_ENABLE_OBJC_ARC = YES;
				CLANG_ENABLE_OBJC_WEAK = YES;
				CLANG_WARN_BLOCK_CAPTURE_AUTORELEASING = YES;
				CLANG_WARN_BOOL_CONVERSION = YES;
				CLANG_WARN_COMMA = YES;
				CLANG_WARN_CONSTANT_CONVERSION = YES;
				CLANG_WARN_DEPRECATED_OBJC_IMPLEMENTATIONS = YES;
				CLANG_WARN_DIRECT_OBJC_ISA_USAGE = YES_ERROR;
				CLANG_WARN_DOCUMENTATION_COMMENTS = YES;
				CLANG_WARN_EMPTY_BODY = YES;
				CLANG_WARN_ENUM_CONVERSION = YES;
				CLANG_WARN_INFINITE_RECURSION = YES;
				CLANG_WARN_INT_CONVERSION = YES;
				CLANG_WARN_NON_LITERAL_NULL_CONVERSION = YES;
				CLANG_WARN_OBJC_IMPLICIT_RETAIN_SELF = YES;
				CLANG_WARN_OBJC_LITERAL_CONVERSION = YES;
				CLANG_WARN_OBJC_ROOT_CLASS = YES_ERROR;
				CLANG_WARN_QUOTED_INCLUDE_IN_FRAMEWORK_HEADER = YES;
				CLANG_WARN_RANGE_LOOP_ANALYSIS = YES;
				CLANG_WARN_STRICT_PROTOTYPES = YES;
				CLANG_WARN_SUSPICIOUS_MOVE = YES;
				CLANG_WARN_UNGUARDED_AVAILABILITY = YES_AGGRESSIVE;
				CLANG_WARN_UNREACHABLE_CODE = YES;
				CLANG_WARN__DUPLICATE_METHOD_MATCH = YES;
				COPY_PHASE_STRIP = NO;
				DEBUG_INFORMATION_FORMAT = dwarf;
				ENABLE_STRICT_OBJC_MSGSEND = YES;
				ENABLE_TESTABILITY = YES;
				ENABLE_USER_SCRIPT_SANDBOXING = YES;
				GCC_C_LANGUAGE_STANDARD = gnu17;
				GCC_DYNAMIC_NO_PIC = NO;
				GCC_NO_COMMON_BLOCKS = YES;
				GCC_OPTIMIZATION_LEVEL = 0;
				GCC_PREPROCESSOR_DEFINITIONS = (
					"DEBUG=1",
					"$(inherited)",
				);
				GCC_WARN_64_TO_32_BIT_CONVERSION = YES;
				GCC_WARN_ABOUT_RETURN_TYPE = YES_ERROR;
				GCC_WARN_UNDECLARED_SELECTOR = YES;
				GCC_WARN_UNINITIALIZED_AUTOS = YES_AGGRESSIVE;
				GCC_WARN_UNUSED_FUNCTION = YES;
				GCC_WARN_UNUSED_VARIABLE = YES;
				IPHONEOS_DEPLOYMENT_TARGET = 17.2;
				LOCALIZATION_PREFERS_STRING_CATALOGS = YES;
				MTL_ENABLE_DEBUG_INFO = INCLUDE_SOURCE;
				MTL_FAST_MATH = YES;
				ONLY_ACTIVE_ARCH = YES;
				SDKROOT = iphoneos;
				SWIFT_ACTIVE_COMPILATION_CONDITIONS = "DEBUG $(inherited)";
				SWIFT_OPTIMIZATION_LEVEL = "-Onone";
			};
			name = Debug;
		};
		78BD2D972BE9B6D400830BAD /* Release */ = {
			isa = XCBuildConfiguration;
			buildSettings = {
				ALWAYS_SEARCH_USER_PATHS = NO;
				ASSETCATALOG_COMPILER_GENERATE_SWIFT_ASSET_SYMBOL_EXTENSIONS = YES;
				CLANG_ANALYZER_NONNULL = YES;
				CLANG_ANALYZER_NUMBER_OBJECT_CONVERSION = YES_AGGRESSIVE;
				CLANG_CXX_LANGUAGE_STANDARD = "gnu++20";
				CLANG_ENABLE_MODULES = YES;
				CLANG_ENABLE_OBJC_ARC = YES;
				CLANG_ENABLE_OBJC_WEAK = YES;
				CLANG_WARN_BLOCK_CAPTURE_AUTORELEASING = YES;
				CLANG_WARN_BOOL_CONVERSION = YES;
				CLANG_WARN_COMMA = YES;
				CLANG_WARN_CONSTANT_CONVERSION = YES;
				CLANG_WARN_DEPRECATED_OBJC_IMPLEMENTATIONS = YES;
				CLANG_WARN_DIRECT_OBJC_ISA_USAGE = YES_ERROR;
				CLANG_WARN_DOCUMENTATION_COMMENTS = YES;
				CLANG_WARN_EMPTY_BODY = YES;
				CLANG_WARN_ENUM_CONVERSION = YES;
				CLANG_WARN_INFINITE_RECURSION = YES;
				CLANG_WARN_INT_CONVERSION = YES;
				CLANG_WARN_NON_LITERAL_NULL_CONVERSION = YES;
				CLANG_WARN_OBJC_IMPLICIT_RETAIN_SELF = YES;
				CLANG_WARN_OBJC_LITERAL_CONVERSION = YES;
				CLANG_WARN_OBJC_ROOT_CLASS = YES_ERROR;
				CLANG_WARN_QUOTED_INCLUDE_IN_FRAMEWORK_HEADER = YES;
				CLANG_WARN_RANGE_LOOP_ANALYSIS = YES;
				CLANG_WARN_STRICT_PROTOTYPES = YES;
				CLANG_WARN_SUSPICIOUS_MOVE = YES;
				CLANG_WARN_UNGUARDED_AVAILABILITY = YES_AGGRESSIVE;
				CLANG_WARN_UNREACHABLE_CODE = YES;
				CLANG_WARN__DUPLICATE_METHOD_MATCH = YES;
				COPY_PHASE_STRIP = NO;
				DEBUG_INFORMATION_FORMAT = "dwarf-with-dsym";
				ENABLE_NS_ASSERTIONS = NO;
				ENABLE_STRICT_OBJC_MSGSEND = YES;
				ENABLE_USER_SCRIPT_SANDBOXING = YES;
				GCC_C_LANGUAGE_STANDARD = gnu17;
				GCC_NO_COMMON_BLOCKS = YES;
				GCC_WARN_64_TO_32_BIT_CONVERSION = YES;
				GCC_WARN_ABOUT_RETURN_TYPE = YES_ERROR;
				GCC_WARN_UNDECLARED_SELECTOR = YES;
				GCC_WARN_UNINITIALIZED_AUTOS = YES_AGGRESSIVE;
				GCC_WARN_UNUSED_FUNCTION = YES;
				GCC_WARN_UNUSED_VARIABLE = YES;
				IPHONEOS_DEPLOYMENT_TARGET = 17.2;
				LOCALIZATION_PREFERS_STRING_CATALOGS = YES;
				MTL_ENABLE_DEBUG_INFO = NO;
				MTL_FAST_MATH = YES;
				SDKROOT = iphoneos;
				SWIFT_COMPILATION_MODE = wholemodule;
				VALIDATE_PRODUCT = YES;
			};
			name = Release;
		};
		78BD2D992BE9B6D400830BAD /* Debug */ = {
			isa = XCBuildConfiguration;
			buildSettings = {
				ASSETCATALOG_COMPILER_APPICON_NAME = AppIcon;
				ASSETCATALOG_COMPILER_GLOBAL_ACCENT_COLOR_NAME = AccentColor;
				CODE_SIGN_STYLE = Automatic;
				CURRENT_PROJECT_VERSION = 1;
				GENERATE_INFOPLIST_FILE = YES;
				INFOPLIST_FILE = BookSearch/Info.plist;
				INFOPLIST_KEY_UIApplicationSupportsIndirectInputEvents = YES;
				INFOPLIST_KEY_UILaunchStoryboardName = LaunchScreen;
				INFOPLIST_KEY_UIMainStoryboardFile = Main;
				INFOPLIST_KEY_UISupportedInterfaceOrientations_iPad = "UIInterfaceOrientationPortrait UIInterfaceOrientationPortraitUpsideDown UIInterfaceOrientationLandscapeLeft UIInterfaceOrientationLandscapeRight";
				INFOPLIST_KEY_UISupportedInterfaceOrientations_iPhone = "UIInterfaceOrientationPortrait UIInterfaceOrientationLandscapeLeft UIInterfaceOrientationLandscapeRight";
				IPHONEOS_DEPLOYMENT_TARGET = 17.2;
				LD_RUNPATH_SEARCH_PATHS = (
					"$(inherited)",
					"@executable_path/Frameworks",
				);
				MARKETING_VERSION = 1.0;
				PRODUCT_BUNDLE_IDENTIFIER = ahyeon.BookSearch;
				PRODUCT_NAME = "$(TARGET_NAME)";
				SUPPORTED_PLATFORMS = "iphoneos iphonesimulator";
				SUPPORTS_MACCATALYST = NO;
				SUPPORTS_MAC_DESIGNED_FOR_IPHONE_IPAD = NO;
				SUPPORTS_XR_DESIGNED_FOR_IPHONE_IPAD = NO;
				SWIFT_EMIT_LOC_STRINGS = YES;
				SWIFT_VERSION = 5.0;
				TARGETED_DEVICE_FAMILY = 1;
			};
			name = Debug;
		};
		78BD2D9A2BE9B6D400830BAD /* Release */ = {
			isa = XCBuildConfiguration;
			buildSettings = {
				ASSETCATALOG_COMPILER_APPICON_NAME = AppIcon;
				ASSETCATALOG_COMPILER_GLOBAL_ACCENT_COLOR_NAME = AccentColor;
				CODE_SIGN_STYLE = Automatic;
				CURRENT_PROJECT_VERSION = 1;
				GENERATE_INFOPLIST_FILE = YES;
				INFOPLIST_FILE = BookSearch/Info.plist;
				INFOPLIST_KEY_UIApplicationSupportsIndirectInputEvents = YES;
				INFOPLIST_KEY_UILaunchStoryboardName = LaunchScreen;
				INFOPLIST_KEY_UIMainStoryboardFile = Main;
				INFOPLIST_KEY_UISupportedInterfaceOrientations_iPad = "UIInterfaceOrientationPortrait UIInterfaceOrientationPortraitUpsideDown UIInterfaceOrientationLandscapeLeft UIInterfaceOrientationLandscapeRight";
				INFOPLIST_KEY_UISupportedInterfaceOrientations_iPhone = "UIInterfaceOrientationPortrait UIInterfaceOrientationLandscapeLeft UIInterfaceOrientationLandscapeRight";
				IPHONEOS_DEPLOYMENT_TARGET = 17.2;
				LD_RUNPATH_SEARCH_PATHS = (
					"$(inherited)",
					"@executable_path/Frameworks",
				);
				MARKETING_VERSION = 1.0;
				PRODUCT_BUNDLE_IDENTIFIER = ahyeon.BookSearch;
				PRODUCT_NAME = "$(TARGET_NAME)";
				SUPPORTED_PLATFORMS = "iphoneos iphonesimulator";
				SUPPORTS_MACCATALYST = NO;
				SUPPORTS_MAC_DESIGNED_FOR_IPHONE_IPAD = NO;
				SUPPORTS_XR_DESIGNED_FOR_IPHONE_IPAD = NO;
				SWIFT_EMIT_LOC_STRINGS = YES;
				SWIFT_VERSION = 5.0;
				TARGETED_DEVICE_FAMILY = 1;
			};
			name = Release;
		};
/* End XCBuildConfiguration section */

/* Begin XCConfigurationList section */
		78BD2D7C2BE9B6D200830BAD /* Build configuration list for PBXProject "BookSearch" */ = {
			isa = XCConfigurationList;
			buildConfigurations = (
				78BD2D962BE9B6D400830BAD /* Debug */,
				78BD2D972BE9B6D400830BAD /* Release */,
			);
			defaultConfigurationIsVisible = 0;
			defaultConfigurationName = Release;
		};
		78BD2D982BE9B6D400830BAD /* Build configuration list for PBXNativeTarget "BookSearch" */ = {
			isa = XCConfigurationList;
			buildConfigurations = (
				78BD2D992BE9B6D400830BAD /* Debug */,
				78BD2D9A2BE9B6D400830BAD /* Release */,
			);
			defaultConfigurationIsVisible = 0;
			defaultConfigurationName = Release;
		};
/* End XCConfigurationList section */

/* Begin XCRemoteSwiftPackageReference section */
		78BD2D9B2BE9C5FC00830BAD /* XCRemoteSwiftPackageReference "SnapKit" */ = {
			isa = XCRemoteSwiftPackageReference;
			repositoryURL = "https://github.com/SnapKit/SnapKit.git";
			requirement = {
				kind = upToNextMajorVersion;
				minimumVersion = 5.7.1;
			};
		};
/* End XCRemoteSwiftPackageReference section */

/* Begin XCSwiftPackageProductDependency section */
		78BD2D9C2BE9C5FC00830BAD /* SnapKit */ = {
			isa = XCSwiftPackageProductDependency;
			package = 78BD2D9B2BE9C5FC00830BAD /* XCRemoteSwiftPackageReference "SnapKit" */;
			productName = SnapKit;
		};
/* End XCSwiftPackageProductDependency section */

/* Begin XCVersionGroup section */
		78BD2D8D2BE9B6D200830BAD /* BookSearch.xcdatamodeld */ = {
			isa = XCVersionGroup;
			children = (
				78BD2D8E2BE9B6D200830BAD /* BookSearch.xcdatamodel */,
			);
			currentVersion = 78BD2D8E2BE9B6D200830BAD /* BookSearch.xcdatamodel */;
			path = BookSearch.xcdatamodeld;
			sourceTree = "<group>";
			versionGroupType = wrapper.xcdatamodel;
		};
/* End XCVersionGroup section */
	};
	rootObject = 78BD2D792BE9B6D200830BAD /* Project object */;
}
